
Microsoft Visual Studio Solution File, Format Version 12.00
# Visual Studio 14
VisualStudioVersion = 14.0.25123.0
MinimumVisualStudioVersion = 10.0.40219.1
Project("{8BC9CEB8-8B4A-11D0-8D11-00A0C91BC942}") = "Template", "Template.vcxproj", "{147BF424-49C6-4C6D-A6F1-A38D1A0850DA}"
EndProject
Project("{2150E333-8FDC-42A3-9474-1A3956D46DE8}") = "Solution Items", "Solution Items", "{E3F06BE1-A651-472B-9B55-4A41CD62BB7F}"
	ProjectSection(SolutionItems) = preProject
		GameState.h = GameState.h
		State_Gameplay.cpp = State_Gameplay.cpp
		State_Gameplay.h = State_Gameplay.h
	EndProjectSection
EndProject
Global
	GlobalSection(SolutionConfigurationPlatforms) = preSolution
		Debug|Win32 = Debug|Win32
		Release|Win32 = Release|Win32
	EndGlobalSection
	GlobalSection(ProjectConfigurationPlatforms) = postSolution
		{147BF424-49C6-4C6D-A6F1-A38D1A0850DA}.Debug|Win32.ActiveCfg = Debug|Win32
		{147BF424-49C6-4C6D-A6F1-A38D1A0850DA}.Debug|Win32.Build.0 = Debug|Win32
		{147BF424-49C6-4C6D-A6F1-A38D1A0850DA}.Release|Win32.ActiveCfg = Release|Win32
		{147BF424-49C6-4C6D-A6F1-A38D1A0850DA}.Release|Win32.Build.0 = Release|Win32
	EndGlobalSection
	GlobalSection(SolutionProperties) = preSolution
		HideSolutionNode = FALSE
	EndGlobalSection
EndGlobal
